# THIS IS AN AUTOGENERATED FILE. DO NOT EDIT THIS FILE DIRECTLY.
# yarn lockfile v1


"@sindresorhus/is@^0.14.0":
  version "0.14.0"
  resolved "https://r.cnpmjs.org/@sindresorhus/is/download/@sindresorhus/is-0.14.0.tgz#9fb3a3cf3132328151f353de4632e01e52102bea"

"@szmarczak/http-timer@^1.1.2":
  version "1.1.2"
  resolved "https://r.cnpmjs.org/@szmarczak/http-timer/download/@szmarczak/http-timer-1.1.2.tgz#b1665e2c461a2cd92f4c1bbf50d5454de0d4b421"
  dependencies:
    defer-to-connect "^1.0.1"

"@types/color-name@^1.1.1":
  version "1.1.1"
  resolved "https://r.cnpmjs.org/@types/color-name/download/@types/color-name-1.1.1.tgz#1c1261bbeaa10a8055bbc5d8ab84b7b2afc846a0"

abbrev@1:
  version "1.1.1"
  resolved "https://r.cnpmjs.org/abbrev/download/abbrev-1.1.1.tgz#f8f2c887ad10bf67f634f005b6987fed3179aac8"

accepts@^1.3.5:
  version "1.3.7"
  resolved "https://r.cnpmjs.org/accepts/download/accepts-1.3.7.tgz#531bc726517a3b2b41f850021c6cc15eaab507cd"
  dependencies:
    mime-types "~2.1.24"
    negotiator "0.6.2"

ansi-align@^3.0.0:
  version "3.0.0"
  resolved "https://r.cnpmjs.org/ansi-align/download/ansi-align-3.0.0.tgz#b536b371cf687caaef236c18d3e21fe3797467cb"
  dependencies:
    string-width "^3.0.0"

ansi-regex@^4.1.0:
  version "4.1.0"
  resolved "https://r.cnpmjs.org/ansi-regex/download/ansi-regex-4.1.0.tgz#8b9f8f08cf1acb843756a839ca8c7e3168c51997"

ansi-regex@^5.0.0:
  version "5.0.0"
  resolved "https://r.cnpmjs.org/ansi-regex/download/ansi-regex-5.0.0.tgz#388539f55179bf39339c81af30a654d69f87cb75"

ansi-styles@^4.1.0:
  version "4.2.1"
  resolved "https://r.cnpmjs.org/ansi-styles/download/ansi-styles-4.2.1.tgz#90ae75c424d008d2624c5bf29ead3177ebfcf359"
  dependencies:
    "@types/color-name" "^1.1.1"
    color-convert "^2.0.1"

any-promise@^1.1.0:
  version "1.3.0"
  resolved "https://r.cnpmjs.org/any-promise/download/any-promise-1.3.0.tgz#abc6afeedcea52e809cdc0376aed3ce39635d17f"

anymatch@~3.1.1:
  version "3.1.1"
  resolved "https://r.cnpmjs.org/anymatch/download/anymatch-3.1.1.tgz#c55ecf02185e2469259399310c173ce31233b142"
  dependencies:
    normalize-path "^3.0.0"
    picomatch "^2.0.4"

axios@0.19.2:
  version "0.19.2"
  resolved "https://r.cnpmjs.org/axios/download/axios-0.19.2.tgz#3ea36c5d8818d0d5f8a8a97a6d36b86cdc00cb27"
  dependencies:
    follow-redirects "1.5.10"

balanced-match@^1.0.0:
  version "1.0.0"
  resolved "https://r.cnpmjs.org/balanced-match/download/balanced-match-1.0.0.tgz#89b4d199ab2bee49de164ea02b89ce462d71b767"

base64-js@^1.0.2:
  version "1.3.1"
  resolved "https://r.cnpmjs.org/base64-js/download/base64-js-1.3.1.tgz#58ece8cb75dd07e71ed08c736abc5fac4dbf8df1"

basic-auth@~2.0.1:
  version "2.0.1"
  resolved "https://r.cnpmjs.org/basic-auth/download/basic-auth-2.0.1.tgz#b998279bf47ce38344b4f3cf916d4679bbf51e3a"
  dependencies:
    safe-buffer "5.1.2"

binary-extensions@^2.0.0:
  version "2.1.0"
  resolved "https://r.cnpmjs.org/binary-extensions/download/binary-extensions-2.1.0.tgz#30fa40c9e7fe07dbc895678cd287024dea241dd9"

bl@^2.2.0:
  version "2.2.0"
  resolved "https://r.cnpmjs.org/bl/download/bl-2.2.0.tgz#e1a574cdf528e4053019bb800b041c0ac88da493"
  dependencies:
    readable-stream "^2.3.5"
    safe-buffer "^5.1.1"

bluebird@3.5.1:
  version "3.5.1"
  resolved "https://r.cnpmjs.org/bluebird/download/bluebird-3.5.1.tgz#d9551f9de98f1fcda1e683d17ee91a0602ee2eb9"

bowser@2.9.0:
  version "2.9.0"
  resolved "https://r.cnpmjs.org/bowser/download/bowser-2.9.0.tgz#3bed854233b419b9a7422d9ee3e85504373821c9"

boxen@^4.2.0:
  version "4.2.0"
  resolved "https://r.cnpmjs.org/boxen/download/boxen-4.2.0.tgz#e411b62357d6d6d36587c8ac3d5d974daa070e64"
  dependencies:
    ansi-align "^3.0.0"
    camelcase "^5.3.1"
    chalk "^3.0.0"
    cli-boxes "^2.2.0"
    string-width "^4.1.0"
    term-size "^2.1.0"
    type-fest "^0.8.1"
    widest-line "^3.1.0"

brace-expansion@^1.1.7:
  version "1.1.11"
  resolved "https://r.cnpmjs.org/brace-expansion/download/brace-expansion-1.1.11.tgz#3c7fcbf529d87226f3d2f52b966ff5271eb441dd"
  dependencies:
    balanced-match "^1.0.0"
    concat-map "0.0.1"

braces@~3.0.2:
  version "3.0.2"
  resolved "https://r.cnpmjs.org/braces/download/braces-3.0.2.tgz#3454e1a462ee8d599e236df336cd9ea4f8afe107"
  dependencies:
    fill-range "^7.0.1"

bson@^1.1.4:
  version "1.1.5"
  resolved "https://r.cnpmjs.org/bson/download/bson-1.1.5.tgz#2aaae98fcdf6750c0848b0cba1ddec3c73060a34"

buffer@^5.1.0:
  version "5.6.0"
  resolved "https://r.cnpmjs.org/buffer/download/buffer-5.6.0.tgz#a31749dc7d81d84db08abf937b6b8c4033f62786"
  dependencies:
    base64-js "^1.0.2"
    ieee754 "^1.1.4"

bytes@3.1.0:
  version "3.1.0"
  resolved "https://r.cnpmjs.org/bytes/download/bytes-3.1.0.tgz#f6cf7933a360e0588fa9fde85651cdc7f805d1f6"

cache-content-type@^1.0.0:
  version "1.0.1"
  resolved "https://r.cnpmjs.org/cache-content-type/download/cache-content-type-1.0.1.tgz#035cde2b08ee2129f4a8315ea8f00a00dba1453c"
  dependencies:
    mime-types "^2.1.18"
    ylru "^1.2.0"

cacheable-request@^6.0.0:
  version "6.1.0"
  resolved "https://r.cnpmjs.org/cacheable-request/download/cacheable-request-6.1.0.tgz#20ffb8bd162ba4be11e9567d823db651052ca912"
  dependencies:
    clone-response "^1.0.2"
    get-stream "^5.1.0"
    http-cache-semantics "^4.0.0"
    keyv "^3.0.0"
    lowercase-keys "^2.0.0"
    normalize-url "^4.1.0"
    responselike "^1.0.2"

camelcase@^5.3.1:
  version "5.3.1"
  resolved "https://r.cnpmjs.org/camelcase/download/camelcase-5.3.1.tgz#e3c9b31569e106811df242f715725a1f4c494320"

camelize@1.0.0:
  version "1.0.0"
  resolved "https://r.cnpmjs.org/camelize/download/camelize-1.0.0.tgz#164a5483e630fa4321e5af07020e531831b2609b"

chalk@^3.0.0:
  version "3.0.0"
  resolved "https://r.cnpmjs.org/chalk/download/chalk-3.0.0.tgz#3f73c2bf526591f574cc492c51e2456349f844e4"
  dependencies:
    ansi-styles "^4.1.0"
    supports-color "^7.1.0"

chokidar@^3.2.2:
  version "3.4.2"
  resolved "https://r.cnpmjs.org/chokidar/download/chokidar-3.4.2.tgz#38dc8e658dec3809741eb3ef7bb0a47fe424232d"
  dependencies:
    anymatch "~3.1.1"
    braces "~3.0.2"
    glob-parent "~5.1.0"
    is-binary-path "~2.1.0"
    is-glob "~4.0.1"
    normalize-path "~3.0.0"
    readdirp "~3.4.0"
  optionalDependencies:
    fsevents "~2.1.2"

ci-info@^2.0.0:
  version "2.0.0"
  resolved "https://r.cnpmjs.org/ci-info/download/ci-info-2.0.0.tgz#67a9e964be31a51e15e5010d58e6f12834002f46"

cli-boxes@^2.2.0:
  version "2.2.0"
  resolved "https://r.cnpmjs.org/cli-boxes/download/cli-boxes-2.2.0.tgz#538ecae8f9c6ca508e3c3c95b453fe93cb4c168d"

clone-response@^1.0.2:
  version "1.0.2"
  resolved "https://r.cnpmjs.org/clone-response/download/clone-response-1.0.2.tgz#d1dc973920314df67fbeb94223b4ee350239e96b"
  dependencies:
    mimic-response "^1.0.0"

co-body@^6.0.0:
  version "6.0.0"
  resolved "https://r.cnpmjs.org/co-body/download/co-body-6.0.0.tgz#965b9337d7f5655480787471f4237664820827e3"
  dependencies:
    inflation "^2.0.0"
    qs "^6.5.2"
    raw-body "^2.3.3"
    type-is "^1.6.16"

co@^4.6.0:
  version "4.6.0"
  resolved "https://r.cnpmjs.org/co/download/co-4.6.0.tgz#6ea6bdf3d853ae54ccb8e47bfa0bf3f9031fb184"

color-convert@^2.0.1:
  version "2.0.1"
  resolved "https://r.cnpmjs.org/color-convert/download/color-convert-2.0.1.tgz#72d3a68d598c9bdb3af2ad1e84f21d896abd4de3"
  dependencies:
    color-name "~1.1.4"

color-name@~1.1.4:
  version "1.1.4"
  resolved "https://r.cnpmjs.org/color-name/download/color-name-1.1.4.tgz#c2a09a87acbde69543de6f63fa3995c826c536a2"

concat-map@0.0.1:
  version "0.0.1"
  resolved "https://r.cnpmjs.org/concat-map/download/concat-map-0.0.1.tgz#d8a96bd77fd68df7793a73036a3ba0d5405d477b"

configstore@^5.0.1:
  version "5.0.1"
  resolved "https://r.cnpmjs.org/configstore/download/configstore-5.0.1.tgz#d365021b5df4b98cdd187d6a3b0e3f6a7cc5ed96"
  dependencies:
    dot-prop "^5.2.0"
    graceful-fs "^4.1.2"
    make-dir "^3.0.0"
    unique-string "^2.0.0"
    write-file-atomic "^3.0.0"
    xdg-basedir "^4.0.0"

content-disposition@~0.5.2:
  version "0.5.3"
  resolved "https://r.cnpmjs.org/content-disposition/download/content-disposition-0.5.3.tgz#e130caf7e7279087c5616c2007d0485698984fbd"
  dependencies:
    safe-buffer "5.1.2"

content-security-policy-builder@2.1.0:
  version "2.1.0"
  resolved "https://r.cnpmjs.org/content-security-policy-builder/download/content-security-policy-builder-2.1.0.tgz#0a2364d769a3d7014eec79ff7699804deb8cfcbb"

content-type@^1.0.4:
  version "1.0.4"
  resolved "https://r.cnpmjs.org/content-type/download/content-type-1.0.4.tgz#e138cc75e040c727b1966fe5e5f8c9aee256fe3b"

cookies@~0.8.0:
  version "0.8.0"
  resolved "https://r.cnpmjs.org/cookies/download/cookies-0.8.0.tgz#1293ce4b391740a8406e3c9870e828c4b54f3f90"
  dependencies:
    depd "~2.0.0"
    keygrip "~1.1.0"

copy-to@^2.0.1:
  version "2.0.1"
  resolved "https://r.cnpmjs.org/copy-to/download/copy-to-2.0.1.tgz#2680fbb8068a48d08656b6098092bdafc906f4a5"

core-util-is@^1.0.2, core-util-is@~1.0.0:
  version "1.0.2"
  resolved "https://r.cnpmjs.org/core-util-is/download/core-util-is-1.0.2.tgz#b5fd54220aa2bc5ab57aab7140c940754503c1a7"

crc@^3.4.4:
  version "3.8.0"
  resolved "https://r.cnpmjs.org/crc/download/crc-3.8.0.tgz#ad60269c2c856f8c299e2c4cc0de4556914056c6"
  dependencies:
    buffer "^5.1.0"

cross-env@^7.0.2:
  version "7.0.2"
  resolved "https://r.cnpmjs.org/cross-env/download/cross-env-7.0.2.tgz#bd5ed31339a93a3418ac4f3ca9ca3403082ae5f9"
  dependencies:
    cross-spawn "^7.0.1"

cross-spawn@^7.0.1:
  version "7.0.3"
  resolved "https://r.cnpmjs.org/cross-spawn/download/cross-spawn-7.0.3.tgz#f73a85b9d5d41d045551c177e2882d4ac85728a6"
  dependencies:
    path-key "^3.1.0"
    shebang-command "^2.0.0"
    which "^2.0.1"

crypto-js@^4.0.0:
  version "4.0.0"
  resolved "https://r.cnpmjs.org/crypto-js/download/crypto-js-4.0.0.tgz#2904ab2677a9d042856a2ea2ef80de92e4a36dcc"

crypto-random-string@^2.0.0:
  version "2.0.0"
  resolved "https://r.cnpmjs.org/crypto-random-string/download/crypto-random-string-2.0.0.tgz#ef2a7a966ec11083388369baa02ebead229b30d5"

dasherize@2.0.0:
  version "2.0.0"
  resolved "https://r.cnpmjs.org/dasherize/download/dasherize-2.0.0.tgz#6d809c9cd0cf7bb8952d80fc84fa13d47ddb1308"

debug@2.6.9, debug@^2.2.0:
  version "2.6.9"
  resolved "https://r.cnpmjs.org/debug/download/debug-2.6.9.tgz#5d128515df134ff327e90a4c93f4e077a536341f"
  dependencies:
    ms "2.0.0"

debug@3.1.0, debug@=3.1.0, debug@~3.1.0:
  version "3.1.0"
  resolved "https://r.cnpmjs.org/debug/download/debug-3.1.0.tgz#5bb5a0672628b64149566ba16819e61518c67261"
  dependencies:
    ms "2.0.0"

debug@^3.1.0, debug@^3.2.6:
  version "3.2.6"
  resolved "https://r.cnpmjs.org/debug/download/debug-3.2.6.tgz#e83d17de16d8a7efb7717edbe5fb10135eee629b"
  dependencies:
    ms "^2.1.1"

decompress-response@^3.3.0:
  version "3.3.0"
  resolved "https://r.cnpmjs.org/decompress-response/download/decompress-response-3.3.0.tgz#80a4dd323748384bfa248083622aedec982adff3"
  dependencies:
    mimic-response "^1.0.0"

deep-equal@~1.0.1:
  version "1.0.1"
  resolved "https://r.cnpmjs.org/deep-equal/download/deep-equal-1.0.1.tgz#f5d260292b660e084eff4cdbc9f08ad3247448b5"

deep-extend@^0.6.0:
  version "0.6.0"
  resolved "https://r.cnpmjs.org/deep-extend/download/deep-extend-0.6.0.tgz#c4fa7c95404a17a9c3e8ca7e1537312b736330ac"

defer-to-connect@^1.0.1:
  version "1.1.3"
  resolved "https://r.cnpmjs.org/defer-to-connect/download/defer-to-connect-1.1.3.tgz#331ae050c08dcf789f8c83a7b81f0ed94f4ac591"

delegates@^1.0.0:
  version "1.0.0"
  resolved "https://r.cnpmjs.org/delegates/download/delegates-1.0.0.tgz#84c6e159b81904fdca59a0ef44cd870d31250f9a"

denque@^1.4.1:
  version "1.4.1"
  resolved "https://r.cnpmjs.org/denque/download/denque-1.4.1.tgz#6744ff7641c148c3f8a69c307e51235c1f4a37cf"

depd@2.0.0, depd@~2.0.0:
  version "2.0.0"
  resolved "https://r.cnpmjs.org/depd/download/depd-2.0.0.tgz#b696163cc757560d09cf22cc8fad1571b79e76df"

depd@^1.1.2, depd@~1.1.2:
  version "1.1.2"
  resolved "https://r.cnpmjs.org/depd/download/depd-1.1.2.tgz#9bcd52e14c097763e749b274c4346ed2e560b5a9"

destroy@^1.0.4:
  version "1.0.4"
  resolved "https://r.cnpmjs.org/destroy/download/destroy-1.0.4.tgz#978857442c44749e4206613e37946205826abd80"

dont-sniff-mimetype@1.1.0:
  version "1.1.0"
  resolved "https://r.cnpmjs.org/dont-sniff-mimetype/download/dont-sniff-mimetype-1.1.0.tgz#c7d0427f8bcb095762751252af59d148b0a623b2"

dot-prop@^5.2.0:
  version "5.2.0"
  resolved "https://r.cnpmjs.org/dot-prop/download/dot-prop-5.2.0.tgz#c34ecc29556dc45f1f4c22697b6f4904e0cc4fcb"
  dependencies:
    is-obj "^2.0.0"

duplexer3@^0.1.4:
  version "0.1.4"
  resolved "https://r.cnpmjs.org/duplexer3/download/duplexer3-0.1.4.tgz#ee01dd1cac0ed3cbc7fdbea37dc0a8f1ce002ce2"

ee-first@1.1.1:
  version "1.1.1"
  resolved "https://r.cnpmjs.org/ee-first/download/ee-first-1.1.1.tgz#590c61156b0ae2f4f0255732a158b266bc56b21d"

emoji-regex@^7.0.1:
  version "7.0.3"
  resolved "https://r.cnpmjs.org/emoji-regex/download/emoji-regex-7.0.3.tgz#933a04052860c85e83c122479c4748a8e4c72156"

emoji-regex@^8.0.0:
  version "8.0.0"
  resolved "https://r.cnpmjs.org/emoji-regex/download/emoji-regex-8.0.0.tgz#e818fd69ce5ccfcb404594f842963bf53164cc37"

encodeurl@^1.0.2:
  version "1.0.2"
  resolved "https://r.cnpmjs.org/encodeurl/download/encodeurl-1.0.2.tgz#ad3ff4c86ec2d029322f5a02c3a9a606c95b3f59"

end-of-stream@^1.1.0:
  version "1.4.4"
  resolved "https://r.cnpmjs.org/end-of-stream/download/end-of-stream-1.4.4.tgz#5ae64a5f45057baf3626ec14da0ca5e4b2431eb0"
  dependencies:
    once "^1.4.0"

escape-goat@^2.0.0:
  version "2.1.1"
  resolved "https://r.cnpmjs.org/escape-goat/download/escape-goat-2.1.1.tgz#1b2dc77003676c457ec760b2dc68edb648188675"

escape-html@^1.0.3:
  version "1.0.3"
  resolved "https://r.cnpmjs.org/escape-html/download/escape-html-1.0.3.tgz#0258eae4d3d0c0974de1c169188ef0051d1d1988"

feature-policy@0.3.0:
  version "0.3.0"
  resolved "https://r.cnpmjs.org/feature-policy/download/feature-policy-0.3.0.tgz#7430e8e54a40da01156ca30aaec1a381ce536069"

fill-range@^7.0.1:
  version "7.0.1"
  resolved "https://r.cnpmjs.org/fill-range/download/fill-range-7.0.1.tgz#1919a6a7c75fe38b2c7c77e5198535da9acdda40"
  dependencies:
    to-regex-range "^5.0.1"

follow-redirects@1.5.10:
  version "1.5.10"
  resolved "https://r.cnpmjs.org/follow-redirects/download/follow-redirects-1.5.10.tgz#7b7a9f9aea2fdff36786a94ff643ed07f4ff5e2a"
  dependencies:
    debug "=3.1.0"

fresh@~0.5.2:
  version "0.5.2"
  resolved "https://r.cnpmjs.org/fresh/download/fresh-0.5.2.tgz#3d8cadd90d976569fa835ab1f8e4b23a105605a7"

fsevents@~2.1.2:
  version "2.1.3"
  resolved "https://r.cnpmjs.org/fsevents/download/fsevents-2.1.3.tgz#fb738703ae8d2f9fe900c33836ddebee8b97f23e"

get-stream@^4.1.0:
  version "4.1.0"
  resolved "https://r.cnpmjs.org/get-stream/download/get-stream-4.1.0.tgz#c1b255575f3dc21d59bfc79cd3d2b46b1c3a54b5"
  dependencies:
    pump "^3.0.0"

get-stream@^5.1.0:
  version "5.2.0"
  resolved "https://r.cnpmjs.org/get-stream/download/get-stream-5.2.0.tgz#4966a1795ee5ace65e706c4b7beb71257d6e22d3"
  dependencies:
    pump "^3.0.0"

glob-parent@~5.1.0:
  version "5.1.1"
  resolved "https://r.cnpmjs.org/glob-parent/download/glob-parent-5.1.1.tgz#b6c1ef417c4e5663ea498f1c45afac6916bbc229"
  dependencies:
    is-glob "^4.0.1"

global-dirs@^2.0.1:
  version "2.0.1"
  resolved "https://r.cnpmjs.org/global-dirs/download/global-dirs-2.0.1.tgz#acdf3bb6685bcd55cb35e8a052266569e9469201"
  dependencies:
    ini "^1.3.5"

got@^9.6.0:
  version "9.6.0"
  resolved "https://r.cnpmjs.org/got/download/got-9.6.0.tgz#edf45e7d67f99545705de1f7bbeeeb121765ed85"
  dependencies:
    "@sindresorhus/is" "^0.14.0"
    "@szmarczak/http-timer" "^1.1.2"
    cacheable-request "^6.0.0"
    decompress-response "^3.3.0"
    duplexer3 "^0.1.4"
    get-stream "^4.1.0"
    lowercase-keys "^1.0.1"
    mimic-response "^1.0.1"
    p-cancelable "^1.0.0"
    to-readable-stream "^1.0.0"
    url-parse-lax "^3.0.0"

graceful-fs@^4.1.2:
  version "4.2.4"
  resolved "https://r.cnpmjs.org/graceful-fs/download/graceful-fs-4.2.4.tgz#2256bde14d3632958c465ebc96dc467ca07a29fb"

has-flag@^3.0.0:
  version "3.0.0"
  resolved "https://r.cnpmjs.org/has-flag/download/has-flag-3.0.0.tgz#b5d454dc2199ae225699f3467e5a07f3b955bafd"

has-flag@^4.0.0:
  version "4.0.0"
  resolved "https://r.cnpmjs.org/has-flag/download/has-flag-4.0.0.tgz#944771fd9c81c81265c4d6941860da06bb59479b"

has-yarn@^2.1.0:
  version "2.1.0"
  resolved "https://r.cnpmjs.org/has-yarn/download/has-yarn-2.1.0.tgz#137e11354a7b5bf11aa5cb649cf0c6f3ff2b2e77"

helmet-crossdomain@0.4.0:
  version "0.4.0"
  resolved "https://r.cnpmjs.org/helmet-crossdomain/download/helmet-crossdomain-0.4.0.tgz#5f1fe5a836d0325f1da0a78eaa5fd8429078894e"

helmet-csp@2.10.0:
  version "2.10.0"
  resolved "https://r.cnpmjs.org/helmet-csp/download/helmet-csp-2.10.0.tgz#685dde1747bc16c5e28ad9d91e229a69f0a85e84"
  dependencies:
    bowser "2.9.0"
    camelize "1.0.0"
    content-security-policy-builder "2.1.0"
    dasherize "2.0.0"

helmet@^3.21.1:
  version "3.23.3"
  resolved "https://r.cnpmjs.org/helmet/download/helmet-3.23.3.tgz#5ba30209c5f73ded4ab65746a3a11bedd4579ab7"
  dependencies:
    depd "2.0.0"
    dont-sniff-mimetype "1.1.0"
    feature-policy "0.3.0"
    helmet-crossdomain "0.4.0"
    helmet-csp "2.10.0"
    hide-powered-by "1.1.0"
    hpkp "2.0.0"
    hsts "2.2.0"
    nocache "2.1.0"
    referrer-policy "1.2.0"
    x-xss-protection "1.3.0"

hide-powered-by@1.1.0:
  version "1.1.0"
  resolved "https://r.cnpmjs.org/hide-powered-by/download/hide-powered-by-1.1.0.tgz#be3ea9cab4bdb16f8744be873755ca663383fa7a"

hpkp@2.0.0:
  version "2.0.0"
  resolved "https://r.cnpmjs.org/hpkp/download/hpkp-2.0.0.tgz#10e142264e76215a5d30c44ec43de64dee6d1672"

hsts@2.2.0:
  version "2.2.0"
  resolved "https://r.cnpmjs.org/hsts/download/hsts-2.2.0.tgz#09119d42f7a8587035d027dda4522366fe75d964"
  dependencies:
    depd "2.0.0"

http-assert@^1.3.0:
  version "1.4.1"
  resolved "https://r.cnpmjs.org/http-assert/download/http-assert-1.4.1.tgz#c5f725d677aa7e873ef736199b89686cceb37878"
  dependencies:
    deep-equal "~1.0.1"
    http-errors "~1.7.2"

http-cache-semantics@^4.0.0:
  version "4.1.0"
  resolved "https://r.cnpmjs.org/http-cache-semantics/download/http-cache-semantics-4.1.0.tgz#49e91c5cbf36c9b94bcfcd71c23d5249ec74e390"

http-errors@1.7.3, http-errors@~1.7.2:
  version "1.7.3"
  resolved "https://r.cnpmjs.org/http-errors/download/http-errors-1.7.3.tgz#6c619e4f9c60308c38519498c14fbb10aacebb06"
  dependencies:
    depd "~1.1.2"
    inherits "2.0.4"
    setprototypeof "1.1.1"
    statuses ">= 1.5.0 < 2"
    toidentifier "1.0.0"

http-errors@^1.6.3:
  version "1.8.0"
  resolved "https://r.cnpmjs.org/http-errors/download/http-errors-1.8.0.tgz#75d1bbe497e1044f51e4ee9e704a62f28d336507"
  dependencies:
    depd "~1.1.2"
    inherits "2.0.4"
    setprototypeof "1.2.0"
    statuses ">= 1.5.0 < 2"
    toidentifier "1.0.0"

iconv-lite@0.4.24:
  version "0.4.24"
  resolved "https://r.cnpmjs.org/iconv-lite/download/iconv-lite-0.4.24.tgz#2022b4b25fbddc21d2f524974a474aafe733908b"
  dependencies:
    safer-buffer ">= 2.1.2 < 3"

ieee754@^1.1.4:
  version "1.1.13"
  resolved "https://r.cnpmjs.org/ieee754/download/ieee754-1.1.13.tgz#ec168558e95aa181fd87d37f55c32bbcb6708b84"

ignore-by-default@^1.0.1:
  version "1.0.1"
  resolved "https://r.cnpmjs.org/ignore-by-default/download/ignore-by-default-1.0.1.tgz#48ca6d72f6c6a3af00a9ad4ae6876be3889e2b09"

import-lazy@^2.1.0:
  version "2.1.0"
  resolved "https://r.cnpmjs.org/import-lazy/download/import-lazy-2.1.0.tgz#05698e3d45c88e8d7e9d92cb0584e77f096f3e43"

imurmurhash@^0.1.4:
  version "0.1.4"
  resolved "https://r.cnpmjs.org/imurmurhash/download/imurmurhash-0.1.4.tgz#9218b9b2b928a238b13dc4fb6b6d576f231453ea"

inflation@^2.0.0:
  version "2.0.0"
  resolved "https://r.cnpmjs.org/inflation/download/inflation-2.0.0.tgz#8b417e47c28f925a45133d914ca1fd389107f30f"

inherits@2.0.4, inherits@~2.0.3:
  version "2.0.4"
  resolved "https://r.cnpmjs.org/inherits/download/inherits-2.0.4.tgz#0fa2c64f932917c3433a0ded55363aae37416b7c"

ini@^1.3.5, ini@~1.3.0:
  version "1.3.5"
  resolved "https://r.cnpmjs.org/ini/download/ini-1.3.5.tgz#eee25f56db1c9ec6085e0c22778083f596abf927"

is-binary-path@~2.1.0:
  version "2.1.0"
  resolved "https://r.cnpmjs.org/is-binary-path/download/is-binary-path-2.1.0.tgz#ea1f7f3b80f064236e83470f86c09c254fb45b09"
  dependencies:
    binary-extensions "^2.0.0"

is-ci@^2.0.0:
  version "2.0.0"
  resolved "https://r.cnpmjs.org/is-ci/download/is-ci-2.0.0.tgz#6bc6334181810e04b5c22b3d589fdca55026404c"
  dependencies:
    ci-info "^2.0.0"

is-class-hotfix@~0.0.6:
  version "0.0.6"
  resolved "https://r.cnpmjs.org/is-class-hotfix/download/is-class-hotfix-0.0.6.tgz#a527d31fb23279281dde5f385c77b5de70a72435"

is-extglob@^2.1.1:
  version "2.1.1"
  resolved "https://r.cnpmjs.org/is-extglob/download/is-extglob-2.1.1.tgz#a88c02535791f02ed37c76a1b9ea9773c833f8c2"

is-fullwidth-code-point@^2.0.0:
  version "2.0.0"
  resolved "https://r.cnpmjs.org/is-fullwidth-code-point/download/is-fullwidth-code-point-2.0.0.tgz#a3b30a5c4f199183167aaab93beefae3ddfb654f"

is-fullwidth-code-point@^3.0.0:
  version "3.0.0"
  resolved "https://r.cnpmjs.org/is-fullwidth-code-point/download/is-fullwidth-code-point-3.0.0.tgz#f116f8064fe90b3f7844a38997c0b75051269f1d"

is-generator-function@^1.0.7:
  version "1.0.7"
  resolved "https://r.cnpmjs.org/is-generator-function/download/is-generator-function-1.0.7.tgz#d2132e529bb0000a7f80794d4bdf5cd5e5813522"

is-glob@^4.0.1, is-glob@~4.0.1:
  version "4.0.1"
  resolved "https://r.cnpmjs.org/is-glob/download/is-glob-4.0.1.tgz#7567dbe9f2f5e2467bc77ab83c4a29482407a5dc"
  dependencies:
    is-extglob "^2.1.1"

is-installed-globally@^0.3.1:
  version "0.3.2"
  resolved "https://r.cnpmjs.org/is-installed-globally/download/is-installed-globally-0.3.2.tgz#fd3efa79ee670d1187233182d5b0a1dd00313141"
  dependencies:
    global-dirs "^2.0.1"
    is-path-inside "^3.0.1"

is-npm@^4.0.0:
  version "4.0.0"
  resolved "https://r.cnpmjs.org/is-npm/download/is-npm-4.0.0.tgz#c90dd8380696df87a7a6d823c20d0b12bbe3c84d"

is-number@^7.0.0:
  version "7.0.0"
  resolved "https://r.cnpmjs.org/is-number/download/is-number-7.0.0.tgz#7535345b896734d5f80c4d06c50955527a14f12b"

is-obj@^2.0.0:
  version "2.0.0"
  resolved "https://r.cnpmjs.org/is-obj/download/is-obj-2.0.0.tgz#473fb05d973705e3fd9620545018ca8e22ef4982"

is-path-inside@^3.0.1:
  version "3.0.2"
  resolved "https://r.cnpmjs.org/is-path-inside/download/is-path-inside-3.0.2.tgz#f5220fc82a3e233757291dddc9c5877f2a1f3017"

is-type-of@^1.0.0:
  version "1.2.1"
  resolved "https://r.cnpmjs.org/is-type-of/download/is-type-of-1.2.1.tgz#e263ec3857aceb4f28c47130ec78db09a920f8c5"
  dependencies:
    core-util-is "^1.0.2"
    is-class-hotfix "~0.0.6"
    isstream "~0.1.2"

is-typedarray@^1.0.0:
  version "1.0.0"
  resolved "https://r.cnpmjs.org/is-typedarray/download/is-typedarray-1.0.0.tgz#e479c80858df0c1b11ddda6940f96011fcda4a9a"

is-yarn-global@^0.3.0:
  version "0.3.0"
  resolved "https://r.cnpmjs.org/is-yarn-global/download/is-yarn-global-0.3.0.tgz#d502d3382590ea3004893746754c89139973e232"

isarray@~1.0.0:
  version "1.0.0"
  resolved "https://r.cnpmjs.org/isarray/download/isarray-1.0.0.tgz#bb935d48582cba168c06834957a54a3e07124f11"

isexe@^2.0.0:
  version "2.0.0"
  resolved "https://r.cnpmjs.org/isexe/download/isexe-2.0.0.tgz#e8fbf374dc556ff8947a10dcb0572d633f2cfa10"

isstream@~0.1.2:
  version "0.1.2"
  resolved "https://r.cnpmjs.org/isstream/download/isstream-0.1.2.tgz#47e63f7af55afa6f92e1500e690eb8b8529c099a"

json-buffer@3.0.0:
  version "3.0.0"
  resolved "https://r.cnpmjs.org/json-buffer/download/json-buffer-3.0.0.tgz#5b1f397afc75d677bde8bcfc0e47e1f9a3d9a898"

kareem@2.3.1:
  version "2.3.1"
  resolved "https://r.cnpmjs.org/kareem/download/kareem-2.3.1.tgz#def12d9c941017fabfb00f873af95e9c99e1be87"

keygrip@~1.1.0:
  version "1.1.0"
  resolved "https://r.cnpmjs.org/keygrip/download/keygrip-1.1.0.tgz#871b1681d5e159c62a445b0c74b615e0917e7226"
  dependencies:
    tsscmp "1.0.6"

keyv@^3.0.0:
  version "3.1.0"
  resolved "https://r.cnpmjs.org/keyv/download/keyv-3.1.0.tgz#ecc228486f69991e49e9476485a5be1e8fc5c4d9"
  dependencies:
    json-buffer "3.0.0"

koa-bodyparser@^4.3.0:
  version "4.3.0"
  resolved "https://r.cnpmjs.org/koa-bodyparser/download/koa-bodyparser-4.3.0.tgz#274c778555ff48fa221ee7f36a9fbdbace22759a"
  dependencies:
    co-body "^6.0.0"
    copy-to "^2.0.1"

koa-compose@^3.0.0:
  version "3.2.1"
  resolved "https://r.cnpmjs.org/koa-compose/download/koa-compose-3.2.1.tgz#a85ccb40b7d986d8e5a345b3a1ace8eabcf54de7"
  dependencies:
    any-promise "^1.1.0"

koa-compose@^4.1.0:
  version "4.1.0"
  resolved "https://r.cnpmjs.org/koa-compose/download/koa-compose-4.1.0.tgz#507306b9371901db41121c812e923d0d67d3e877"

koa-compose@~2.3.0:
  version "2.3.0"
  resolved "https://r.cnpmjs.org/koa-compose/download/koa-compose-2.3.0.tgz#4617fa832a16412a56967334304efd797d6ed35c"

koa-convert@^1.2.0:
  version "1.2.0"
  resolved "https://r.cnpmjs.org/koa-convert/download/koa-convert-1.2.0.tgz#da40875df49de0539098d1700b50820cebcd21d0"
  dependencies:
    co "^4.6.0"
    koa-compose "^3.0.0"

koa-helmet@^5.2.0:
  version "5.2.0"
  resolved "https://r.cnpmjs.org/koa-helmet/download/koa-helmet-5.2.0.tgz#6529f64dd4539261a9bb0a56e201e4976f0200f0"
  dependencies:
    helmet "^3.21.1"

koa-lusca@^2.2.0:
  version "2.2.0"
  resolved "https://r.cnpmjs.org/koa-lusca/download/koa-lusca-2.2.0.tgz#6eb96d3012458c697447f688200976bf49bb9bfc"
  dependencies:
    koa-compose "~2.3.0"

koa-morgan@^1.0.1:
  version "1.0.1"
  resolved "https://r.cnpmjs.org/koa-morgan/download/koa-morgan-1.0.1.tgz#08052e0ce0d839d3c43178b90a5bb3424bef1f99"
  dependencies:
    morgan "^1.6.1"

koa-passport@^4.1.3:
  version "4.1.3"
  resolved "https://r.cnpmjs.org/koa-passport/download/koa-passport-4.1.3.tgz#6e8eaa48290457af1539bcbed3c52d9defc029c9"
  dependencies:
    passport "^0.4.0"

koa-session-mongoose@^3.0.1:
  version "3.0.1"
  resolved "https://r.cnpmjs.org/koa-session-mongoose/download/koa-session-mongoose-3.0.1.tgz#1e80c05d7a1177c07ca49708dff295a38fd3d7dd"

koa-session@^6.0.0:
  version "6.0.0"
  resolved "https://r.cnpmjs.org/koa-session/download/koa-session-6.0.0.tgz#abe0a1083caa362277d7923c0b3c6474c980c348"
  dependencies:
    crc "^3.4.4"
    debug "^3.1.0"
    is-type-of "^1.0.0"
    uuid "^3.3.2"

koa@^2.13.0:
  version "2.13.0"
  resolved "https://r.cnpmjs.org/koa/download/koa-2.13.0.tgz#25217e05efd3358a7e5ddec00f0a380c9b71b501"
  dependencies:
    accepts "^1.3.5"
    cache-content-type "^1.0.0"
    content-disposition "~0.5.2"
    content-type "^1.0.4"
    cookies "~0.8.0"
    debug "~3.1.0"
    delegates "^1.0.0"
    depd "^1.1.2"
    destroy "^1.0.4"
    encodeurl "^1.0.2"
    escape-html "^1.0.3"
    fresh "~0.5.2"
    http-assert "^1.3.0"
    http-errors "^1.6.3"
    is-generator-function "^1.0.7"
    koa-compose "^4.1.0"
    koa-convert "^1.2.0"
    on-finished "^2.3.0"
    only "~0.0.2"
    parseurl "^1.3.2"
    statuses "^1.5.0"
    type-is "^1.6.16"
    vary "^1.1.2"

latest-version@^5.0.0:
  version "5.1.0"
  resolved "https://r.cnpmjs.org/latest-version/download/latest-version-5.1.0.tgz#119dfe908fe38d15dfa43ecd13fa12ec8832face"
  dependencies:
    package-json "^6.3.0"

lodash@^4.17.20:
  version "4.17.20"
  resolved "https://r.cnpmjs.org/lodash/download/lodash-4.17.20.tgz#b44a9b6297bcb698f1c51a3545a2b3b368d59c52"

lowercase-keys@^1.0.0, lowercase-keys@^1.0.1:
  version "1.0.1"
  resolved "https://r.cnpmjs.org/lowercase-keys/download/lowercase-keys-1.0.1.tgz#6f9e30b47084d971a7c820ff15a6c5167b74c26f"

lowercase-keys@^2.0.0:
  version "2.0.0"
  resolved "https://r.cnpmjs.org/lowercase-keys/download/lowercase-keys-2.0.0.tgz#2603e78b7b4b0006cbca2fbcc8a3202558ac9479"

make-dir@^3.0.0:
  version "3.1.0"
  resolved "https://r.cnpmjs.org/make-dir/download/make-dir-3.1.0.tgz#415e967046b3a7f1d185277d84aa58203726a13f"
  dependencies:
    semver "^6.0.0"

media-typer@0.3.0:
  version "0.3.0"
  resolved "https://r.cnpmjs.org/media-typer/download/media-typer-0.3.0.tgz#8710d7af0aa626f8fffa1ce00168545263255748"

memory-pager@^1.0.2:
  version "1.5.0"
  resolved "https://r.cnpmjs.org/memory-pager/download/memory-pager-1.5.0.tgz#d8751655d22d384682741c972f2c3d6dfa3e66b5"

mime-db@1.44.0:
  version "1.44.0"
  resolved "https://r.cnpmjs.org/mime-db/download/mime-db-1.44.0.tgz#fa11c5eb0aca1334b4233cb4d52f10c5a6272f92"

mime-types@^2.1.18, mime-types@~2.1.24:
  version "2.1.27"
  resolved "https://r.cnpmjs.org/mime-types/download/mime-types-2.1.27.tgz#47949f98e279ea53119f5722e0f34e529bec009f"
  dependencies:
    mime-db "1.44.0"

mimic-response@^1.0.0, mimic-response@^1.0.1:
  version "1.0.1"
  resolved "https://r.cnpmjs.org/mimic-response/download/mimic-response-1.0.1.tgz#4923538878eef42063cb8a3e3b0798781487ab1b"

minimatch@^3.0.4:
  version "3.0.4"
  resolved "https://r.cnpmjs.org/minimatch/download/minimatch-3.0.4.tgz#5166e286457f03306064be5497e8dbb0c3d32083"
  dependencies:
    brace-expansion "^1.1.7"

minimist@^1.2.0:
  version "1.2.5"
  resolved "https://r.cnpmjs.org/minimist/download/minimist-1.2.5.tgz#67d66014b66a6a8aaa0c083c5fd58df4e4e97602"

mongodb@3.6.0:
  version "3.6.0"
  resolved "https://r.cnpmjs.org/mongodb/download/mongodb-3.6.0.tgz#babd7172ec717e2ed3f85e079b3f1aa29dce4724"
  dependencies:
    bl "^2.2.0"
    bson "^1.1.4"
    denque "^1.4.1"
    require_optional "^1.0.1"
    safe-buffer "^5.1.2"
  optionalDependencies:
    saslprep "^1.0.0"

mongoose-legacy-pluralize@1.0.2:
  version "1.0.2"
  resolved "https://r.cnpmjs.org/mongoose-legacy-pluralize/download/mongoose-legacy-pluralize-1.0.2.tgz#3ba9f91fa507b5186d399fb40854bff18fb563e4"

mongoose@^5.9.29:
  version "5.10.0"
  resolved "https://r.cnpmjs.org/mongoose/download/mongoose-5.10.0.tgz#05a35f5a3d8485613c9988aeb9548285a97083f7"
  dependencies:
    bson "^1.1.4"
    kareem "2.3.1"
    mongodb "3.6.0"
    mongoose-legacy-pluralize "1.0.2"
    mpath "0.7.0"
    mquery "3.2.2"
    ms "2.1.2"
    regexp-clone "1.0.0"
    safe-buffer "5.2.1"
    sift "7.0.1"
    sliced "1.0.1"

morgan@^1.6.1:
  version "1.10.0"
  resolved "https://r.cnpmjs.org/morgan/download/morgan-1.10.0.tgz#091778abc1fc47cd3509824653dae1faab6b17d7"
  dependencies:
    basic-auth "~2.0.1"
    debug "2.6.9"
    depd "~2.0.0"
    on-finished "~2.3.0"
    on-headers "~1.0.2"

mpath@0.7.0:
  version "0.7.0"
  resolved "https://r.cnpmjs.org/mpath/download/mpath-0.7.0.tgz#20e8102e276b71709d6e07e9f8d4d0f641afbfb8"

mquery@3.2.2:
  version "3.2.2"
  resolved "https://r.cnpmjs.org/mquery/download/mquery-3.2.2.tgz#e1383a3951852ce23e37f619a9b350f1fb3664e7"
  dependencies:
    bluebird "3.5.1"
    debug "3.1.0"
    regexp-clone "^1.0.0"
    safe-buffer "5.1.2"
    sliced "1.0.1"

ms@2.0.0:
  version "2.0.0"
  resolved "https://r.cnpmjs.org/ms/download/ms-2.0.0.tgz#5608aeadfc00be6c2901df5f9861788de0d597c8"

ms@2.1.2, ms@^2.1.1:
  version "2.1.2"
  resolved "https://r.cnpmjs.org/ms/download/ms-2.1.2.tgz#d09d1f357b443f493382a8eb3ccd183872ae6009"

negotiator@0.6.2:
  version "0.6.2"
  resolved "https://r.cnpmjs.org/negotiator/download/negotiator-0.6.2.tgz#feacf7ccf525a77ae9634436a64883ffeca346fb"

nocache@2.1.0:
  version "2.1.0"
  resolved "https://r.cnpmjs.org/nocache/download/nocache-2.1.0.tgz#120c9ffec43b5729b1d5de88cd71aa75a0ba491f"

nodemon@^2.0.4:
  version "2.0.4"
  resolved "https://r.cnpmjs.org/nodemon/download/nodemon-2.0.4.tgz#55b09319eb488d6394aa9818148c0c2d1c04c416"
  dependencies:
    chokidar "^3.2.2"
    debug "^3.2.6"
    ignore-by-default "^1.0.1"
    minimatch "^3.0.4"
    pstree.remy "^1.1.7"
    semver "^5.7.1"
    supports-color "^5.5.0"
    touch "^3.1.0"
    undefsafe "^2.0.2"
    update-notifier "^4.0.0"

nopt@~1.0.10:
  version "1.0.10"
  resolved "https://r.cnpmjs.org/nopt/download/nopt-1.0.10.tgz#6ddd21bd2a31417b92727dd585f8a6f37608ebee"
  dependencies:
    abbrev "1"

normalize-path@^3.0.0, normalize-path@~3.0.0:
  version "3.0.0"
  resolved "https://r.cnpmjs.org/normalize-path/download/normalize-path-3.0.0.tgz#0dcd69ff23a1c9b11fd0978316644a0388216a65"

normalize-url@^4.1.0:
  version "4.5.0"
  resolved "https://r.cnpmjs.org/normalize-url/download/normalize-url-4.5.0.tgz#453354087e6ca96957bd8f5baf753f5982142129"

on-finished@^2.3.0, on-finished@~2.3.0:
  version "2.3.0"
  resolved "https://r.cnpmjs.org/on-finished/download/on-finished-2.3.0.tgz#20f1336481b083cd75337992a16971aa2d906947"
  dependencies:
    ee-first "1.1.1"

on-headers@~1.0.2:
  version "1.0.2"
  resolved "https://r.cnpmjs.org/on-headers/download/on-headers-1.0.2.tgz#772b0ae6aaa525c399e489adfad90c403eb3c28f"

once@^1.3.1, once@^1.4.0:
  version "1.4.0"
  resolved "https://r.cnpmjs.org/once/download/once-1.4.0.tgz#583b1aa775961d4b113ac17d9c50baef9dd76bd1"
  dependencies:
    wrappy "1"

only@~0.0.2:
  version "0.0.2"
  resolved "https://r.cnpmjs.org/only/download/only-0.0.2.tgz#2afde84d03e50b9a8edc444e30610a70295edfb4"

p-cancelable@^1.0.0:
  version "1.1.0"
  resolved "https://r.cnpmjs.org/p-cancelable/download/p-cancelable-1.1.0.tgz#d078d15a3af409220c886f1d9a0ca2e441ab26cc"

package-json@^6.3.0:
  version "6.5.0"
  resolved "https://r.cnpmjs.org/package-json/download/package-json-6.5.0.tgz#6feedaca35e75725876d0b0e64974697fed145b0"
  dependencies:
    got "^9.6.0"
    registry-auth-token "^4.0.0"
    registry-url "^5.0.0"
    semver "^6.2.0"

parseurl@^1.3.2:
  version "1.3.3"
  resolved "https://r.cnpmjs.org/parseurl/download/parseurl-1.3.3.tgz#9da19e7bee8d12dff0513ed5b76957793bc2e8d4"

passport-strategy@1.x.x:
  version "1.0.0"
  resolved "https://r.cnpmjs.org/passport-strategy/download/passport-strategy-1.0.0.tgz#b5539aa8fc225a3d1ad179476ddf236b440f52e4"

passport@^0.4.0:
  version "0.4.1"
  resolved "https://r.cnpmjs.org/passport/download/passport-0.4.1.tgz#941446a21cb92fc688d97a0861c38ce9f738f270"
  dependencies:
    passport-strategy "1.x.x"
    pause "0.0.1"

path-key@^3.1.0:
  version "3.1.1"
  resolved "https://r.cnpmjs.org/path-key/download/path-key-3.1.1.tgz#581f6ade658cbba65a0d3380de7753295054f375"

pause@0.0.1:
  version "0.0.1"
  resolved "https://r.cnpmjs.org/pause/download/pause-0.0.1.tgz#1d408b3fdb76923b9543d96fb4c9dfd535d9cb5d"

picomatch@^2.0.4, picomatch@^2.2.1:
  version "2.2.2"
  resolved "https://r.cnpmjs.org/picomatch/download/picomatch-2.2.2.tgz#21f333e9b6b8eaff02468f5146ea406d345f4dad"

prepend-http@^2.0.0:
  version "2.0.0"
  resolved "https://r.cnpmjs.org/prepend-http/download/prepend-http-2.0.0.tgz#e92434bfa5ea8c19f41cdfd401d741a3c819d897"

process-nextick-args@~2.0.0:
  version "2.0.1"
  resolved "https://r.cnpmjs.org/process-nextick-args/download/process-nextick-args-2.0.1.tgz#7820d9b16120cc55ca9ae7792680ae7dba6d7fe2"

pstree.remy@^1.1.7:
  version "1.1.8"
  resolved "https://r.cnpmjs.org/pstree.remy/download/pstree.remy-1.1.8.tgz#c242224f4a67c21f686839bbdb4ac282b8373d3a"

pump@^3.0.0:
  version "3.0.0"
  resolved "https://r.cnpmjs.org/pump/download/pump-3.0.0.tgz#b4a2116815bde2f4e1ea602354e8c75565107a64"
  dependencies:
    end-of-stream "^1.1.0"
    once "^1.3.1"

pupa@^2.0.1:
  version "2.0.1"
  resolved "https://r.cnpmjs.org/pupa/download/pupa-2.0.1.tgz#dbdc9ff48ffbea4a26a069b6f9f7abb051008726"
  dependencies:
    escape-goat "^2.0.0"

qs@^6.5.2:
  version "6.9.4"
  resolved "https://r.cnpmjs.org/qs/download/qs-6.9.4.tgz#9090b290d1f91728d3c22e54843ca44aea5ab687"

raw-body@^2.3.3:
  version "2.4.1"
  resolved "https://r.cnpmjs.org/raw-body/download/raw-body-2.4.1.tgz#30ac82f98bb5ae8c152e67149dac8d55153b168c"
  dependencies:
    bytes "3.1.0"
    http-errors "1.7.3"
    iconv-lite "0.4.24"
    unpipe "1.0.0"

rc@^1.2.8:
  version "1.2.8"
  resolved "https://r.cnpmjs.org/rc/download/rc-1.2.8.tgz#cd924bf5200a075b83c188cd6b9e211b7fc0d3ed"
  dependencies:
    deep-extend "^0.6.0"
    ini "~1.3.0"
    minimist "^1.2.0"
    strip-json-comments "~2.0.1"

readable-stream@^2.3.5:
  version "2.3.7"
  resolved "https://r.cnpmjs.org/readable-stream/download/readable-stream-2.3.7.tgz#1eca1cf711aef814c04f62252a36a62f6cb23b57"
  dependencies:
    core-util-is "~1.0.0"
    inherits "~2.0.3"
    isarray "~1.0.0"
    process-nextick-args "~2.0.0"
    safe-buffer "~5.1.1"
    string_decoder "~1.1.1"
    util-deprecate "~1.0.1"

readdirp@~3.4.0:
  version "3.4.0"
  resolved "https://r.cnpmjs.org/readdirp/download/readdirp-3.4.0.tgz#9fdccdf9e9155805449221ac645e8303ab5b9ada"
  dependencies:
    picomatch "^2.2.1"

referrer-policy@1.2.0:
  version "1.2.0"
  resolved "https://r.cnpmjs.org/referrer-policy/download/referrer-policy-1.2.0.tgz#b99cfb8b57090dc454895ef897a4cc35ef67a98e"

regexp-clone@1.0.0, regexp-clone@^1.0.0:
  version "1.0.0"
  resolved "https://r.cnpmjs.org/regexp-clone/download/regexp-clone-1.0.0.tgz#222db967623277056260b992626354a04ce9bf63"

registry-auth-token@^4.0.0:
  version "4.2.0"
  resolved "https://r.cnpmjs.org/registry-auth-token/download/registry-auth-token-4.2.0.tgz#1d37dffda72bbecd0f581e4715540213a65eb7da"
  dependencies:
    rc "^1.2.8"

registry-url@^5.0.0:
  version "5.1.0"
  resolved "https://r.cnpmjs.org/registry-url/download/registry-url-5.1.0.tgz#e98334b50d5434b81136b44ec638d9c2009c5009"
  dependencies:
    rc "^1.2.8"

require_optional@^1.0.1:
  version "1.0.1"
  resolved "https://r.cnpmjs.org/require_optional/download/require_optional-1.0.1.tgz#4cf35a4247f64ca3df8c2ef208cc494b1ca8fc2e"
  dependencies:
    resolve-from "^2.0.0"
    semver "^5.1.0"

resolve-from@^2.0.0:
  version "2.0.0"
  resolved "https://r.cnpmjs.org/resolve-from/download/resolve-from-2.0.0.tgz#9480ab20e94ffa1d9e80a804c7ea147611966b57"

responselike@^1.0.2:
  version "1.0.2"
  resolved "https://r.cnpmjs.org/responselike/download/responselike-1.0.2.tgz#918720ef3b631c5642be068f15ade5a46f4ba1e7"
  dependencies:
    lowercase-keys "^1.0.0"

safe-buffer@5.1.2, safe-buffer@~5.1.0, safe-buffer@~5.1.1:
  version "5.1.2"
  resolved "https://r.cnpmjs.org/safe-buffer/download/safe-buffer-5.1.2.tgz#991ec69d296e0313747d59bdfd2b745c35f8828d"

safe-buffer@5.2.1, safe-buffer@^5.1.1, safe-buffer@^5.1.2:
  version "5.2.1"
  resolved "https://r.cnpmjs.org/safe-buffer/download/safe-buffer-5.2.1.tgz#1eaf9fa9bdb1fdd4ec75f58f9cdb4e6b7827eec6"

"safer-buffer@>= 2.1.2 < 3":
  version "2.1.2"
  resolved "https://r.cnpmjs.org/safer-buffer/download/safer-buffer-2.1.2.tgz#44fa161b0187b9549dd84bb91802f9bd8385cd6a"

saslprep@^1.0.0:
  version "1.0.3"
  resolved "https://r.cnpmjs.org/saslprep/download/saslprep-1.0.3.tgz#4c02f946b56cf54297e347ba1093e7acac4cf226"
  dependencies:
    sparse-bitfield "^3.0.3"

semver-diff@^3.1.1:
  version "3.1.1"
  resolved "https://r.cnpmjs.org/semver-diff/download/semver-diff-3.1.1.tgz#05f77ce59f325e00e2706afd67bb506ddb1ca32b"
  dependencies:
    semver "^6.3.0"

semver@^5.1.0, semver@^5.7.1:
  version "5.7.1"
  resolved "https://r.cnpmjs.org/semver/download/semver-5.7.1.tgz#a954f931aeba508d307bbf069eff0c01c96116f7"

semver@^6.0.0, semver@^6.2.0, semver@^6.3.0:
  version "6.3.0"
  resolved "https://r.cnpmjs.org/semver/download/semver-6.3.0.tgz#ee0a64c8af5e8ceea67687b133761e1becbd1d3d"

setprototypeof@1.1.1:
  version "1.1.1"
  resolved "https://r.cnpmjs.org/setprototypeof/download/setprototypeof-1.1.1.tgz#7e95acb24aa92f5885e0abef5ba131330d4ae683"

setprototypeof@1.2.0:
  version "1.2.0"
  resolved "https://r.cnpmjs.org/setprototypeof/download/setprototypeof-1.2.0.tgz#66c9a24a73f9fc28cbe66b09fed3d33dcaf1b424"

shebang-command@^2.0.0:
  version "2.0.0"
  resolved "https://r.cnpmjs.org/shebang-command/download/shebang-command-2.0.0.tgz#ccd0af4f8835fbdc265b82461aaf0c36663f34ea"
  dependencies:
    shebang-regex "^3.0.0"

shebang-regex@^3.0.0:
  version "3.0.0"
  resolved "https://r.cnpmjs.org/shebang-regex/download/shebang-regex-3.0.0.tgz#ae16f1644d873ecad843b0307b143362d4c42172"

sift@7.0.1:
  version "7.0.1"
  resolved "https://r.cnpmjs.org/sift/download/sift-7.0.1.tgz#47d62c50b159d316f1372f8b53f9c10cd21a4b08"

signal-exit@^3.0.2:
  version "3.0.3"
  resolved "https://r.cnpmjs.org/signal-exit/download/signal-exit-3.0.3.tgz#a1410c2edd8f077b08b4e253c8eacfcaf057461c"

sliced@1.0.1:
  version "1.0.1"
  resolved "https://r.cnpmjs.org/sliced/download/sliced-1.0.1.tgz#0b3a662b5d04c3177b1926bea82b03f837a2ef41"

sparse-bitfield@^3.0.3:
  version "3.0.3"
  resolved "https://r.cnpmjs.org/sparse-bitfield/download/sparse-bitfield-3.0.3.tgz#ff4ae6e68656056ba4b3e792ab3334d38273ca11"
  dependencies:
    memory-pager "^1.0.2"

"statuses@>= 1.5.0 < 2", statuses@^1.5.0:
  version "1.5.0"
  resolved "https://r.cnpmjs.org/statuses/download/statuses-1.5.0.tgz#161c7dac177659fd9811f43771fa99381478628c"

string-width@^3.0.0:
  version "3.1.0"
  resolved "https://r.cnpmjs.org/string-width/download/string-width-3.1.0.tgz#22767be21b62af1081574306f69ac51b62203961"
  dependencies:
    emoji-regex "^7.0.1"
    is-fullwidth-code-point "^2.0.0"
    strip-ansi "^5.1.0"

string-width@^4.0.0, string-width@^4.1.0:
  version "4.2.0"
  resolved "https://r.cnpmjs.org/string-width/download/string-width-4.2.0.tgz#952182c46cc7b2c313d1596e623992bd163b72b5"
  dependencies:
    emoji-regex "^8.0.0"
    is-fullwidth-code-point "^3.0.0"
    strip-ansi "^6.0.0"

string_decoder@~1.1.1:
  version "1.1.1"
  resolved "https://r.cnpmjs.org/string_decoder/download/string_decoder-1.1.1.tgz#9cf1611ba62685d7030ae9e4ba34149c3af03fc8"
  dependencies:
    safe-buffer "~5.1.0"

strip-ansi@^5.1.0:
  version "5.2.0"
  resolved "https://r.cnpmjs.org/strip-ansi/download/strip-ansi-5.2.0.tgz#8c9a536feb6afc962bdfa5b104a5091c1ad9c0ae"
  dependencies:
    ansi-regex "^4.1.0"

strip-ansi@^6.0.0:
  version "6.0.0"
  resolved "https://r.cnpmjs.org/strip-ansi/download/strip-ansi-6.0.0.tgz#0b1571dd7669ccd4f3e06e14ef1eed26225ae532"
  dependencies:
    ansi-regex "^5.0.0"

strip-json-comments@~2.0.1:
  version "2.0.1"
  resolved "https://r.cnpmjs.org/strip-json-comments/download/strip-json-comments-2.0.1.tgz#3c531942e908c2697c0ec344858c286c7ca0a60a"

supports-color@^5.5.0:
  version "5.5.0"
  resolved "https://r.cnpmjs.org/supports-color/download/supports-color-5.5.0.tgz#e2e69a44ac8772f78a1ec0b35b689df6530efc8f"
  dependencies:
    has-flag "^3.0.0"

supports-color@^7.1.0:
  version "7.1.0"
  resolved "https://r.cnpmjs.org/supports-color/download/supports-color-7.1.0.tgz#68e32591df73e25ad1c4b49108a2ec507962bfd1"
  dependencies:
    has-flag "^4.0.0"

term-size@^2.1.0:
  version "2.2.0"
  resolved "https://r.cnpmjs.org/term-size/download/term-size-2.2.0.tgz#1f16adedfe9bdc18800e1776821734086fcc6753"

to-readable-stream@^1.0.0:
  version "1.0.0"
  resolved "https://r.cnpmjs.org/to-readable-stream/download/to-readable-stream-1.0.0.tgz#ce0aa0c2f3df6adf852efb404a783e77c0475771"

to-regex-range@^5.0.1:
  version "5.0.1"
  resolved "https://r.cnpmjs.org/to-regex-range/download/to-regex-range-5.0.1.tgz#1648c44aae7c8d988a326018ed72f5b4dd0392e4"
  dependencies:
    is-number "^7.0.0"

toidentifier@1.0.0:
  version "1.0.0"
  resolved "https://r.cnpmjs.org/toidentifier/download/toidentifier-1.0.0.tgz#7e1be3470f1e77948bc43d94a3c8f4d7752ba553"

touch@^3.1.0:
  version "3.1.0"
  resolved "https://r.cnpmjs.org/touch/download/touch-3.1.0.tgz#fe365f5f75ec9ed4e56825e0bb76d24ab74af83b"
  dependencies:
    nopt "~1.0.10"

tsscmp@1.0.6:
  version "1.0.6"
  resolved "https://r.cnpmjs.org/tsscmp/download/tsscmp-1.0.6.tgz#85b99583ac3589ec4bfef825b5000aa911d605eb"

type-fest@^0.8.1:
  version "0.8.1"
  resolved "https://r.cnpmjs.org/type-fest/download/type-fest-0.8.1.tgz#09e249ebde851d3b1e48d27c105444667f17b83d"

type-is@^1.6.16:
  version "1.6.18"
  resolved "https://r.cnpmjs.org/type-is/download/type-is-1.6.18.tgz#4e552cd05df09467dcbc4ef739de89f2cf37c131"
  dependencies:
    media-typer "0.3.0"
    mime-types "~2.1.24"

typedarray-to-buffer@^3.1.5:
  version "3.1.5"
  resolved "https://r.cnpmjs.org/typedarray-to-buffer/download/typedarray-to-buffer-3.1.5.tgz#a97ee7a9ff42691b9f783ff1bc5112fe3fca9080"
  dependencies:
    is-typedarray "^1.0.0"

undefsafe@^2.0.2:
  version "2.0.3"
  resolved "https://r.cnpmjs.org/undefsafe/download/undefsafe-2.0.3.tgz#6b166e7094ad46313b2202da7ecc2cd7cc6e7aae"
  dependencies:
    debug "^2.2.0"

unique-string@^2.0.0:
  version "2.0.0"
  resolved "https://r.cnpmjs.org/unique-string/download/unique-string-2.0.0.tgz#39c6451f81afb2749de2b233e3f7c5e8843bd89d"
  dependencies:
    crypto-random-string "^2.0.0"

unpipe@1.0.0:
  version "1.0.0"
  resolved "https://r.cnpmjs.org/unpipe/download/unpipe-1.0.0.tgz#b2bf4ee8514aae6165b4817829d21b2ef49904ec"

update-notifier@^4.0.0:
  version "4.1.1"
  resolved "https://r.cnpmjs.org/update-notifier/download/update-notifier-4.1.1.tgz#895fc8562bbe666179500f9f2cebac4f26323746"
  dependencies:
    boxen "^4.2.0"
    chalk "^3.0.0"
    configstore "^5.0.1"
    has-yarn "^2.1.0"
    import-lazy "^2.1.0"
    is-ci "^2.0.0"
    is-installed-globally "^0.3.1"
    is-npm "^4.0.0"
    is-yarn-global "^0.3.0"
    latest-version "^5.0.0"
    pupa "^2.0.1"
    semver-diff "^3.1.1"
    xdg-basedir "^4.0.0"

url-parse-lax@^3.0.0:
  version "3.0.0"
  resolved "https://r.cnpmjs.org/url-parse-lax/download/url-parse-lax-3.0.0.tgz#16b5cafc07dbe3676c1b1999177823d6503acb0c"
  dependencies:
    prepend-http "^2.0.0"

util-deprecate@~1.0.1:
  version "1.0.2"
  resolved "https://r.cnpmjs.org/util-deprecate/download/util-deprecate-1.0.2.tgz#450d4dc9fa70de732762fbd2d4a28981419a0ccf"

uuid@^3.3.2:
  version "3.4.0"
  resolved "https://r.cnpmjs.org/uuid/download/uuid-3.4.0.tgz#b23e4358afa8a202fe7a100af1f5f883f02007ee"

uuid@^8.3.0:
  version "8.3.0"
  resolved "https://r.cnpmjs.org/uuid/download/uuid-8.3.0.tgz#ab738085ca22dc9a8c92725e459b1d507df5d6ea"

vary@^1.1.2:
  version "1.1.2"
  resolved "https://r.cnpmjs.org/vary/download/vary-1.1.2.tgz#2299f02c6ded30d4a5961b0b9f74524a18f634fc"

which@^2.0.1:
  version "2.0.2"
  resolved "https://r.cnpmjs.org/which/download/which-2.0.2.tgz#7c6a8dd0a636a0327e10b59c9286eee93f3f51b1"
  dependencies:
    isexe "^2.0.0"

widest-line@^3.1.0:
  version "3.1.0"
  resolved "https://r.cnpmjs.org/widest-line/download/widest-line-3.1.0.tgz#8292333bbf66cb45ff0de1603b136b7ae1496eca"
  dependencies:
    string-width "^4.0.0"

wrappy@1:
  version "1.0.2"
  resolved "https://r.cnpmjs.org/wrappy/download/wrappy-1.0.2.tgz#b5243d8f3ec1aa35f1364605bc0d1036e30ab69f"

write-file-atomic@^3.0.0:
  version "3.0.3"
  resolved "https://r.cnpmjs.org/write-file-atomic/download/write-file-atomic-3.0.3.tgz#56bd5c5a5c70481cd19c571bd39ab965a5de56e8"
  dependencies:
    imurmurhash "^0.1.4"
    is-typedarray "^1.0.0"
    signal-exit "^3.0.2"
    typedarray-to-buffer "^3.1.5"

x-xss-protection@1.3.0:
  version "1.3.0"
  resolved "https://r.cnpmjs.org/x-xss-protection/download/x-xss-protection-1.3.0.tgz#3e3a8dd638da80421b0e9fff11a2dbe168f6d52c"

xdg-basedir@^4.0.0:
  version "4.0.0"
  resolved "https://r.cnpmjs.org/xdg-basedir/download/xdg-basedir-4.0.0.tgz#4bc8d9984403696225ef83a1573cbbcb4e79db13"

ylru@^1.2.0:
  version "1.2.1"
  resolved "https://r.cnpmjs.org/ylru/download/ylru-1.2.1.tgz#f576b63341547989c1de7ba288760923b27fe84f"
